// !$*UTF8*$!
{
	archiveVersion = 1;
	classes = {
	};
	objectVersion = 52;
	objects = {

/* Begin PBXBuildFile section */
		8CFF502207248481EC88E6BF /* Pods_OfflineAppTest.framework in Frameworks */ = {isa = PBXBuildFile; fileRef = 0A7C88937533082D4AE98453 /* Pods_OfflineAppTest.framework */; };
		FA12D08B25A9CA5200D1B949 /* DefaultListView.swift in Sources */ = {isa = PBXBuildFile; fileRef = FA12D08925A9CA5200D1B949 /* DefaultListView.swift */; };
		FA12D08C25A9CA5200D1B949 /* DefaultListView.xib in Resources */ = {isa = PBXBuildFile; fileRef = FA12D08A25A9CA5200D1B949 /* DefaultListView.xib */; };
		FA12D09325A9E5BD00D1B949 /* FavoriteView.swift in Sources */ = {isa = PBXBuildFile; fileRef = FA12D09225A9E5BD00D1B949 /* FavoriteView.swift */; };
		FA12D09925A9E5E800D1B949 /* FavoritePresenter.swift in Sources */ = {isa = PBXBuildFile; fileRef = FA12D09825A9E5E800D1B949 /* FavoritePresenter.swift */; };
		FA12D09C25A9E5F500D1B949 /* FavoriteRouter.swift in Sources */ = {isa = PBXBuildFile; fileRef = FA12D09B25A9E5F500D1B949 /* FavoriteRouter.swift */; };
		FA12D09F25A9E62D00D1B949 /* Profile.storyboard in Resources */ = {isa = PBXBuildFile; fileRef = FA12D09E25A9E62D00D1B949 /* Profile.storyboard */; };
		FA12D0A225A9E76900D1B949 /* ProfileModule.swift in Sources */ = {isa = PBXBuildFile; fileRef = FA12D0A125A9E76900D1B949 /* ProfileModule.swift */; };
		FA12D0A525A9E79600D1B949 /* FavoriteModule.swift in Sources */ = {isa = PBXBuildFile; fileRef = FA12D0A425A9E79600D1B949 /* FavoriteModule.swift */; };
		FA12D0AD25A9ED5A00D1B949 /* RepositoryFactory.swift in Sources */ = {isa = PBXBuildFile; fileRef = FA12D0AC25A9ED5A00D1B949 /* RepositoryFactory.swift */; };
		FA12D0B325A9F24E00D1B949 /* UseCaseFactory.swift in Sources */ = {isa = PBXBuildFile; fileRef = FA12D0B225A9F24E00D1B949 /* UseCaseFactory.swift */; };
		FA12D0B725A9F27400D1B949 /* AppDIContainer.swift in Sources */ = {isa = PBXBuildFile; fileRef = FA12D0B625A9F27400D1B949 /* AppDIContainer.swift */; };
		FA12D0BA25AAD3E900D1B949 /* ModuleFactory.swift in Sources */ = {isa = PBXBuildFile; fileRef = FA12D0B925AAD3E900D1B949 /* ModuleFactory.swift */; };
		FA12D0BE25AAD44400D1B949 /* AppDIContainer+Module.swift in Sources */ = {isa = PBXBuildFile; fileRef = FA12D0BD25AAD44400D1B949 /* AppDIContainer+Module.swift */; };
		FA13FDA6258142AA00608F9D /* AppDelegate.swift in Sources */ = {isa = PBXBuildFile; fileRef = FA13FDA5258142AA00608F9D /* AppDelegate.swift */; };
		FA13FE102581544900608F9D /* Colors.swift in Sources */ = {isa = PBXBuildFile; fileRef = FA13FE0F2581544900608F9D /* Colors.swift */; };
		FA44F49825DBC25900DE6F39 /* CoreOfflineAppTestKit in Frameworks */ = {isa = PBXBuildFile; productRef = FA44F49725DBC25900DE6F39 /* CoreOfflineAppTestKit */; };
		FA44F49A25DBC25D00DE6F39 /* GamePackage in Frameworks */ = {isa = PBXBuildFile; productRef = FA44F49925DBC25D00DE6F39 /* GamePackage */; };
		FA44F49E25DBC29900DE6F39 /* FavoritePackage in Frameworks */ = {isa = PBXBuildFile; productRef = FA44F49D25DBC29900DE6F39 /* FavoritePackage */; };
		FA44F4FE25DBDDE900DE6F39 /* Swinject in Frameworks */ = {isa = PBXBuildFile; productRef = FA44F4FD25DBDDE900DE6F39 /* Swinject */; };
		FA4AC72625B697FE00E72CF3 /* DetailPresenter.swift in Sources */ = {isa = PBXBuildFile; fileRef = FA4AC72525B697FE00E72CF3 /* DetailPresenter.swift */; };
		FA4AC72925B6980B00E72CF3 /* DetailRouter.swift in Sources */ = {isa = PBXBuildFile; fileRef = FA4AC72825B6980B00E72CF3 /* DetailRouter.swift */; };
		FA4AC72C25B6997000E72CF3 /* DefaultDetailPresenter.swift in Sources */ = {isa = PBXBuildFile; fileRef = FA4AC72B25B6997000E72CF3 /* DefaultDetailPresenter.swift */; };
		FA4AC72F25B6998100E72CF3 /* DefaultDetailRouter.swift in Sources */ = {isa = PBXBuildFile; fileRef = FA4AC72E25B6998100E72CF3 /* DefaultDetailRouter.swift */; };
		FA4AC73325B69C1000E72CF3 /* AppDIContainer+DetailModuleFactory.swift in Sources */ = {isa = PBXBuildFile; fileRef = FA4AC73225B69C1000E72CF3 /* AppDIContainer+DetailModuleFactory.swift */; };
		FA4BC72025A2FC090069D5B3 /* Main.storyboard in Resources */ = {isa = PBXBuildFile; fileRef = FA4BC71E25A2FC090069D5B3 /* Main.storyboard */; };
		FA4BC72425A2FD060069D5B3 /* ListModule.swift in Sources */ = {isa = PBXBuildFile; fileRef = FA4BC72325A2FD060069D5B3 /* ListModule.swift */; };
		FA4BC72B25A2FD760069D5B3 /* ListPresenter.swift in Sources */ = {isa = PBXBuildFile; fileRef = FA4BC72A25A2FD760069D5B3 /* ListPresenter.swift */; };
		FA4BC72E25A2FD8E0069D5B3 /* ListRouter.swift in Sources */ = {isa = PBXBuildFile; fileRef = FA4BC72D25A2FD8E0069D5B3 /* ListRouter.swift */; };
		FA4BC73125A2FD9A0069D5B3 /* ListView.swift in Sources */ = {isa = PBXBuildFile; fileRef = FA4BC73025A2FD9A0069D5B3 /* ListView.swift */; };
		FA4BC73A25A323E30069D5B3 /* DefaultListRouter.swift in Sources */ = {isa = PBXBuildFile; fileRef = FA4BC73925A323E30069D5B3 /* DefaultListRouter.swift */; };
		FA4BC73D25A323FD0069D5B3 /* DefaultListPresenter.swift in Sources */ = {isa = PBXBuildFile; fileRef = FA4BC73C25A323FD0069D5B3 /* DefaultListPresenter.swift */; };
		FA4BC7EA25A5A2760069D5B3 /* MainModule.swift in Sources */ = {isa = PBXBuildFile; fileRef = FA4BC7E925A5A2760069D5B3 /* MainModule.swift */; };
		FA4BC81D25A5B8440069D5B3 /* DetailModule.swift in Sources */ = {isa = PBXBuildFile; fileRef = FA4BC81C25A5B8430069D5B3 /* DetailModule.swift */; };
		FA4BC82225A5B9100069D5B3 /* DetailView.swift in Sources */ = {isa = PBXBuildFile; fileRef = FA4BC82125A5B9100069D5B3 /* DetailView.swift */; };
		FA4BC82925A5BC200069D5B3 /* DefaultDetailView.swift in Sources */ = {isa = PBXBuildFile; fileRef = FA4BC82725A5BC200069D5B3 /* DefaultDetailView.swift */; };
		FA50DC2025C849FD00E094EA /* DefaultFavoriteView+ext.swift in Sources */ = {isa = PBXBuildFile; fileRef = FA50DC1F25C849FD00E094EA /* DefaultFavoriteView+ext.swift */; };
		FA53893B25C534D900B99C66 /* DefaultDetailView+Setup.swift in Sources */ = {isa = PBXBuildFile; fileRef = FA53893A25C534D900B99C66 /* DefaultDetailView+Setup.swift */; };
		FA53897F25C5CFC100B99C66 /* AppDIContainer+FavoriteModuleFactory.swift in Sources */ = {isa = PBXBuildFile; fileRef = FA53897E25C5CFC100B99C66 /* AppDIContainer+FavoriteModuleFactory.swift */; };
		FA5389A825C5E1A300B99C66 /* DefaultFavoriteView.swift in Sources */ = {isa = PBXBuildFile; fileRef = FA5389A725C5E1A300B99C66 /* DefaultFavoriteView.swift */; };
		FA5389AB25C5E1B900B99C66 /* DefaultFavoriteRouter.swift in Sources */ = {isa = PBXBuildFile; fileRef = FA5389AA25C5E1B900B99C66 /* DefaultFavoriteRouter.swift */; };
		FA5389AE25C5E1E100B99C66 /* DefaultFavoritePresenter.swift in Sources */ = {isa = PBXBuildFile; fileRef = FA5389AD25C5E1E100B99C66 /* DefaultFavoritePresenter.swift */; };
		FA5E4F5225CCAE1100FB17BA /* OfflineAppTestTests.swift in Sources */ = {isa = PBXBuildFile; fileRef = FA5E4F5125CCAE1100FB17BA /* OfflineAppTestTests.swift */; };
		FA6B45EB251A429E00FFBE01 /* Assets.xcassets in Resources */ = {isa = PBXBuildFile; fileRef = FA6B45EA251A429E00FFBE01 /* Assets.xcassets */; };
		FA6B45EE251A429E00FFBE01 /* LaunchScreen.storyboard in Resources */ = {isa = PBXBuildFile; fileRef = FA6B45EC251A429E00FFBE01 /* LaunchScreen.storyboard */; };
		FA6B4620251AF27400FFBE01 /* MyString.swift in Sources */ = {isa = PBXBuildFile; fileRef = FA6B461F251AF27400FFBE01 /* MyString.swift */; };
		FA6DD4E625B29C2800F54332 /* AppDIContainer+ListModuleFactory.swift in Sources */ = {isa = PBXBuildFile; fileRef = FA6DD4E525B29C2800F54332 /* AppDIContainer+ListModuleFactory.swift */; };
		FA6DD56625B43C2200F54332 /* AppDIContainer+MainModuleFactory.swift in Sources */ = {isa = PBXBuildFile; fileRef = FA6DD56525B43C2100F54332 /* AppDIContainer+MainModuleFactory.swift */; };
		FA7554A525D94080004ED5BF /* CategoryPackage in Frameworks */ = {isa = PBXBuildFile; productRef = FA7554A425D94080004ED5BF /* CategoryPackage */; };
		FA75550E25D94E35004ED5BF /* Alamofire in Frameworks */ = {isa = PBXBuildFile; productRef = FA75550D25D94E35004ED5BF /* Alamofire */; };
		FA75551325D94E6C004ED5BF /* Realm in Frameworks */ = {isa = PBXBuildFile; productRef = FA75551225D94E6C004ED5BF /* Realm */; };
		FA75551525D94E6C004ED5BF /* RealmSwift in Frameworks */ = {isa = PBXBuildFile; productRef = FA75551425D94E6C004ED5BF /* RealmSwift */; };
		FA8E558F25C864070061C01C /* PlaceHolderView.xib in Resources */ = {isa = PBXBuildFile; fileRef = FA8E558E25C864070061C01C /* PlaceHolderView.xib */; };
		FA8E559525C876A30061C01C /* AppDIContainer+ProfileModuleFactory.swift in Sources */ = {isa = PBXBuildFile; fileRef = FA8E559425C876A30061C01C /* AppDIContainer+ProfileModuleFactory.swift */; };
		FA8E559D25C87D990061C01C /* ProfileView.swift in Sources */ = {isa = PBXBuildFile; fileRef = FA8E559C25C87D990061C01C /* ProfileView.swift */; };
		FA8E55A025C87DA80061C01C /* DefaultProfileView.swift in Sources */ = {isa = PBXBuildFile; fileRef = FA8E559F25C87DA80061C01C /* DefaultProfileView.swift */; };
		FA8E55A325C881950061C01C /* DefaultProfileView+Setup.swift in Sources */ = {isa = PBXBuildFile; fileRef = FA8E55A225C881950061C01C /* DefaultProfileView+Setup.swift */; };
		FA8E55AA25C885890061C01C /* ProfileContainerComponent.swift in Sources */ = {isa = PBXBuildFile; fileRef = FA8E55A925C885890061C01C /* ProfileContainerComponent.swift */; };
		FAC2975325BAF72E00B3C52A /* DefaultView+Setup.swift in Sources */ = {isa = PBXBuildFile; fileRef = FAC2975225BAF72E00B3C52A /* DefaultView+Setup.swift */; };
		FACC64D625AC0A2500276B07 /* RealmStorage.swift in Sources */ = {isa = PBXBuildFile; fileRef = FACC64D525AC0A2500276B07 /* RealmStorage.swift */; };
		FAD6189A251B117C00ADA991 /* GameTableViewCell.swift in Sources */ = {isa = PBXBuildFile; fileRef = FAD61898251B117C00ADA991 /* GameTableViewCell.swift */; };
		FAD6189B251B117C00ADA991 /* GameTableViewCell.xib in Resources */ = {isa = PBXBuildFile; fileRef = FAD61899251B117C00ADA991 /* GameTableViewCell.xib */; };
		FAD6189E251B118E00ADA991 /* DummyTableViewCell.swift in Sources */ = {isa = PBXBuildFile; fileRef = FAD6189C251B118E00ADA991 /* DummyTableViewCell.swift */; };
		FAD6189F251B118E00ADA991 /* DummyTableViewCell.xib in Resources */ = {isa = PBXBuildFile; fileRef = FAD6189D251B118E00ADA991 /* DummyTableViewCell.xib */; };
		FAD618A1251B2CA400ADA991 /* .swiftlint.yml in Resources */ = {isa = PBXBuildFile; fileRef = FAD618A0251B2CA400ADA991 /* .swiftlint.yml */; };
		FAD618AE251BD8DB00ADA991 /* FavoritesTableViewCell.swift in Sources */ = {isa = PBXBuildFile; fileRef = FAD618AC251BD8DB00ADA991 /* FavoritesTableViewCell.swift */; };
		FAD618AF251BD8DB00ADA991 /* FavoritesTableViewCell.xib in Resources */ = {isa = PBXBuildFile; fileRef = FAD618AD251BD8DB00ADA991 /* FavoritesTableViewCell.xib */; };
		FAD618B8251BFC5C00ADA991 /* SSCollectionViewCell.swift in Sources */ = {isa = PBXBuildFile; fileRef = FAD618B6251BFC5C00ADA991 /* SSCollectionViewCell.swift */; };
		FAD618B9251BFC5C00ADA991 /* SSCollectionViewCell.xib in Resources */ = {isa = PBXBuildFile; fileRef = FAD618B7251BFC5C00ADA991 /* SSCollectionViewCell.xib */; };
		FAD618BC251BFC7400ADA991 /* GenreCollectionViewCell.swift in Sources */ = {isa = PBXBuildFile; fileRef = FAD618BA251BFC7400ADA991 /* GenreCollectionViewCell.swift */; };
		FAD618BD251BFC7400ADA991 /* GenreCollectionViewCell.xib in Resources */ = {isa = PBXBuildFile; fileRef = FAD618BB251BFC7400ADA991 /* GenreCollectionViewCell.xib */; };
		FAEF3B7525C66E5400133A57 /* FavoriteTableViewComponent.swift in Sources */ = {isa = PBXBuildFile; fileRef = FAEF3B7425C66E5400133A57 /* FavoriteTableViewComponent.swift */; };
		FAF5119A25B0AD4C00354D9E /* AppDIContainer+Repository.swift in Sources */ = {isa = PBXBuildFile; fileRef = FAF5119925B0AD4C00354D9E /* AppDIContainer+Repository.swift */; };
		FAF5119D25B0BBB300354D9E /* AppDIContainer+UseCase.swift in Sources */ = {isa = PBXBuildFile; fileRef = FAF5119C25B0BBB300354D9E /* AppDIContainer+UseCase.swift */; };
		FAFFDAF625D95CC9009A4184 /* RxCocoa in Frameworks */ = {isa = PBXBuildFile; productRef = FAFFDAF525D95CC9009A4184 /* RxCocoa */; };
		FAFFDAF825D95CC9009A4184 /* RxSwift in Frameworks */ = {isa = PBXBuildFile; productRef = FAFFDAF725D95CC9009A4184 /* RxSwift */; };
/* End PBXBuildFile section */

/* Begin PBXContainerItemProxy section */
		FA5E4F5425CCAE1100FB17BA /* PBXContainerItemProxy */ = {
			isa = PBXContainerItemProxy;
			containerPortal = FA6B45D3251A429B00FFBE01 /* Project object */;
			proxyType = 1;
			remoteGlobalIDString = FA6B45DA251A429B00FFBE01;
			remoteInfo = OfflineAppTest;
		};
/* End PBXContainerItemProxy section */

/* Begin PBXFileReference section */
		0A7C88937533082D4AE98453 /* Pods_OfflineAppTest.framework */ = {isa = PBXFileReference; explicitFileType = wrapper.framework; includeInIndex = 0; path = Pods_OfflineAppTest.framework; sourceTree = BUILT_PRODUCTS_DIR; };
		18869291C5255030C97BFFBA /* Pods-OfflineAppTest.release.xcconfig */ = {isa = PBXFileReference; includeInIndex = 1; lastKnownFileType = text.xcconfig; name = "Pods-OfflineAppTest.release.xcconfig"; path = "Target Support Files/Pods-OfflineAppTest/Pods-OfflineAppTest.release.xcconfig"; sourceTree = "<group>"; };
		B7FEC6A5DE170643F7DA944D /* Pods-OfflineAppTest.debug.xcconfig */ = {isa = PBXFileReference; includeInIndex = 1; lastKnownFileType = text.xcconfig; name = "Pods-OfflineAppTest.debug.xcconfig"; path = "Target Support Files/Pods-OfflineAppTest/Pods-OfflineAppTest.debug.xcconfig"; sourceTree = "<group>"; };
		FA12D08925A9CA5200D1B949 /* DefaultListView.swift */ = {isa = PBXFileReference; lastKnownFileType = sourcecode.swift; path = DefaultListView.swift; sourceTree = "<group>"; };
		FA12D08A25A9CA5200D1B949 /* DefaultListView.xib */ = {isa = PBXFileReference; lastKnownFileType = file.xib; path = DefaultListView.xib; sourceTree = "<group>"; };
		FA12D09225A9E5BD00D1B949 /* FavoriteView.swift */ = {isa = PBXFileReference; lastKnownFileType = sourcecode.swift; path = FavoriteView.swift; sourceTree = "<group>"; };
		FA12D09825A9E5E800D1B949 /* FavoritePresenter.swift */ = {isa = PBXFileReference; lastKnownFileType = sourcecode.swift; path = FavoritePresenter.swift; sourceTree = "<group>"; };
		FA12D09B25A9E5F500D1B949 /* FavoriteRouter.swift */ = {isa = PBXFileReference; lastKnownFileType = sourcecode.swift; path = FavoriteRouter.swift; sourceTree = "<group>"; };
		FA12D09E25A9E62D00D1B949 /* Profile.storyboard */ = {isa = PBXFileReference; lastKnownFileType = file.storyboard; path = Profile.storyboard; sourceTree = "<group>"; };
		FA12D0A125A9E76900D1B949 /* ProfileModule.swift */ = {isa = PBXFileReference; lastKnownFileType = sourcecode.swift; path = ProfileModule.swift; sourceTree = "<group>"; };
		FA12D0A425A9E79600D1B949 /* FavoriteModule.swift */ = {isa = PBXFileReference; lastKnownFileType = sourcecode.swift; path = FavoriteModule.swift; sourceTree = "<group>"; };
		FA12D0AC25A9ED5A00D1B949 /* RepositoryFactory.swift */ = {isa = PBXFileReference; lastKnownFileType = sourcecode.swift; path = RepositoryFactory.swift; sourceTree = "<group>"; };
		FA12D0B225A9F24E00D1B949 /* UseCaseFactory.swift */ = {isa = PBXFileReference; lastKnownFileType = sourcecode.swift; path = UseCaseFactory.swift; sourceTree = "<group>"; };
		FA12D0B625A9F27400D1B949 /* AppDIContainer.swift */ = {isa = PBXFileReference; lastKnownFileType = sourcecode.swift; path = AppDIContainer.swift; sourceTree = "<group>"; };
		FA12D0B925AAD3E900D1B949 /* ModuleFactory.swift */ = {isa = PBXFileReference; lastKnownFileType = sourcecode.swift; path = ModuleFactory.swift; sourceTree = "<group>"; };
		FA12D0BD25AAD44400D1B949 /* AppDIContainer+Module.swift */ = {isa = PBXFileReference; lastKnownFileType = sourcecode.swift; path = "AppDIContainer+Module.swift"; sourceTree = "<group>"; };
		FA13FDA5258142AA00608F9D /* AppDelegate.swift */ = {isa = PBXFileReference; lastKnownFileType = sourcecode.swift; path = AppDelegate.swift; sourceTree = "<group>"; };
		FA13FE0F2581544900608F9D /* Colors.swift */ = {isa = PBXFileReference; lastKnownFileType = sourcecode.swift; path = Colors.swift; sourceTree = "<group>"; };
		FA44F48625DBB11200DE6F39 /* CoreOfflineAppTestKit */ = {isa = PBXFileReference; lastKnownFileType = folder; name = CoreOfflineAppTestKit; path = ../Package/CoreOfflineAppTestKit; sourceTree = "<group>"; };
		FA4AC72525B697FE00E72CF3 /* DetailPresenter.swift */ = {isa = PBXFileReference; lastKnownFileType = sourcecode.swift; path = DetailPresenter.swift; sourceTree = "<group>"; };
		FA4AC72825B6980B00E72CF3 /* DetailRouter.swift */ = {isa = PBXFileReference; lastKnownFileType = sourcecode.swift; path = DetailRouter.swift; sourceTree = "<group>"; };
		FA4AC72B25B6997000E72CF3 /* DefaultDetailPresenter.swift */ = {isa = PBXFileReference; lastKnownFileType = sourcecode.swift; path = DefaultDetailPresenter.swift; sourceTree = "<group>"; };
		FA4AC72E25B6998100E72CF3 /* DefaultDetailRouter.swift */ = {isa = PBXFileReference; lastKnownFileType = sourcecode.swift; path = DefaultDetailRouter.swift; sourceTree = "<group>"; };
		FA4AC73225B69C1000E72CF3 /* AppDIContainer+DetailModuleFactory.swift */ = {isa = PBXFileReference; lastKnownFileType = sourcecode.swift; path = "AppDIContainer+DetailModuleFactory.swift"; sourceTree = "<group>"; };
		FA4BC71F25A2FC090069D5B3 /* Base */ = {isa = PBXFileReference; lastKnownFileType = file.storyboard; name = Base; path = Base.lproj/Main.storyboard; sourceTree = "<group>"; };
		FA4BC72325A2FD060069D5B3 /* ListModule.swift */ = {isa = PBXFileReference; lastKnownFileType = sourcecode.swift; path = ListModule.swift; sourceTree = "<group>"; };
		FA4BC72A25A2FD760069D5B3 /* ListPresenter.swift */ = {isa = PBXFileReference; lastKnownFileType = sourcecode.swift; path = ListPresenter.swift; sourceTree = "<group>"; };
		FA4BC72D25A2FD8E0069D5B3 /* ListRouter.swift */ = {isa = PBXFileReference; lastKnownFileType = sourcecode.swift; path = ListRouter.swift; sourceTree = "<group>"; };
		FA4BC73025A2FD9A0069D5B3 /* ListView.swift */ = {isa = PBXFileReference; lastKnownFileType = sourcecode.swift; path = ListView.swift; sourceTree = "<group>"; };
		FA4BC73925A323E30069D5B3 /* DefaultListRouter.swift */ = {isa = PBXFileReference; lastKnownFileType = sourcecode.swift; path = DefaultListRouter.swift; sourceTree = "<group>"; };
		FA4BC73C25A323FD0069D5B3 /* DefaultListPresenter.swift */ = {isa = PBXFileReference; lastKnownFileType = sourcecode.swift; path = DefaultListPresenter.swift; sourceTree = "<group>"; };
		FA4BC7E925A5A2760069D5B3 /* MainModule.swift */ = {isa = PBXFileReference; lastKnownFileType = sourcecode.swift; path = MainModule.swift; sourceTree = "<group>"; };
		FA4BC81C25A5B8430069D5B3 /* DetailModule.swift */ = {isa = PBXFileReference; lastKnownFileType = sourcecode.swift; path = DetailModule.swift; sourceTree = "<group>"; };
		FA4BC82125A5B9100069D5B3 /* DetailView.swift */ = {isa = PBXFileReference; lastKnownFileType = sourcecode.swift; path = DetailView.swift; sourceTree = "<group>"; };
		FA4BC82725A5BC200069D5B3 /* DefaultDetailView.swift */ = {isa = PBXFileReference; lastKnownFileType = sourcecode.swift; path = DefaultDetailView.swift; sourceTree = "<group>"; };
		FA50DC1F25C849FD00E094EA /* DefaultFavoriteView+ext.swift */ = {isa = PBXFileReference; lastKnownFileType = sourcecode.swift; path = "DefaultFavoriteView+ext.swift"; sourceTree = "<group>"; };
		FA53893A25C534D900B99C66 /* DefaultDetailView+Setup.swift */ = {isa = PBXFileReference; lastKnownFileType = sourcecode.swift; path = "DefaultDetailView+Setup.swift"; sourceTree = "<group>"; };
		FA53897E25C5CFC100B99C66 /* AppDIContainer+FavoriteModuleFactory.swift */ = {isa = PBXFileReference; lastKnownFileType = sourcecode.swift; path = "AppDIContainer+FavoriteModuleFactory.swift"; sourceTree = "<group>"; };
		FA5389A725C5E1A300B99C66 /* DefaultFavoriteView.swift */ = {isa = PBXFileReference; lastKnownFileType = sourcecode.swift; path = DefaultFavoriteView.swift; sourceTree = "<group>"; };
		FA5389AA25C5E1B900B99C66 /* DefaultFavoriteRouter.swift */ = {isa = PBXFileReference; lastKnownFileType = sourcecode.swift; path = DefaultFavoriteRouter.swift; sourceTree = "<group>"; };
		FA5389AD25C5E1E100B99C66 /* DefaultFavoritePresenter.swift */ = {isa = PBXFileReference; lastKnownFileType = sourcecode.swift; path = DefaultFavoritePresenter.swift; sourceTree = "<group>"; };
		FA5E4F4F25CCAE1100FB17BA /* OfflineAppTestTests.xctest */ = {isa = PBXFileReference; explicitFileType = wrapper.cfbundle; includeInIndex = 0; path = OfflineAppTestTests.xctest; sourceTree = BUILT_PRODUCTS_DIR; };
		FA5E4F5125CCAE1100FB17BA /* OfflineAppTestTests.swift */ = {isa = PBXFileReference; lastKnownFileType = sourcecode.swift; path = OfflineAppTestTests.swift; sourceTree = "<group>"; };
		FA5E4F5325CCAE1100FB17BA /* Info.plist */ = {isa = PBXFileReference; lastKnownFileType = text.plist.xml; path = Info.plist; sourceTree = "<group>"; };
		FA6B45DB251A429B00FFBE01 /* OfflineAppTest.app */ = {isa = PBXFileReference; explicitFileType = wrapper.application; includeInIndex = 0; path = OfflineAppTest.app; sourceTree = BUILT_PRODUCTS_DIR; };
		FA6B45EA251A429E00FFBE01 /* Assets.xcassets */ = {isa = PBXFileReference; lastKnownFileType = folder.assetcatalog; path = Assets.xcassets; sourceTree = "<group>"; };
		FA6B45ED251A429E00FFBE01 /* Base */ = {isa = PBXFileReference; lastKnownFileType = file.storyboard; name = Base; path = Base.lproj/LaunchScreen.storyboard; sourceTree = "<group>"; };
		FA6B45EF251A429E00FFBE01 /* Info.plist */ = {isa = PBXFileReference; lastKnownFileType = text.plist.xml; path = Info.plist; sourceTree = "<group>"; };
		FA6B461F251AF27400FFBE01 /* MyString.swift */ = {isa = PBXFileReference; lastKnownFileType = sourcecode.swift; path = MyString.swift; sourceTree = "<group>"; };
		FA6DD4E525B29C2800F54332 /* AppDIContainer+ListModuleFactory.swift */ = {isa = PBXFileReference; lastKnownFileType = sourcecode.swift; path = "AppDIContainer+ListModuleFactory.swift"; sourceTree = "<group>"; };
		FA6DD56525B43C2100F54332 /* AppDIContainer+MainModuleFactory.swift */ = {isa = PBXFileReference; lastKnownFileType = sourcecode.swift; path = "AppDIContainer+MainModuleFactory.swift"; sourceTree = "<group>"; };
		FA8E558E25C864070061C01C /* PlaceHolderView.xib */ = {isa = PBXFileReference; lastKnownFileType = file.xib; path = PlaceHolderView.xib; sourceTree = "<group>"; };
		FA8E559425C876A30061C01C /* AppDIContainer+ProfileModuleFactory.swift */ = {isa = PBXFileReference; lastKnownFileType = sourcecode.swift; path = "AppDIContainer+ProfileModuleFactory.swift"; sourceTree = "<group>"; };
		FA8E559C25C87D990061C01C /* ProfileView.swift */ = {isa = PBXFileReference; lastKnownFileType = sourcecode.swift; path = ProfileView.swift; sourceTree = "<group>"; };
		FA8E559F25C87DA80061C01C /* DefaultProfileView.swift */ = {isa = PBXFileReference; lastKnownFileType = sourcecode.swift; path = DefaultProfileView.swift; sourceTree = "<group>"; };
		FA8E55A225C881950061C01C /* DefaultProfileView+Setup.swift */ = {isa = PBXFileReference; lastKnownFileType = sourcecode.swift; path = "DefaultProfileView+Setup.swift"; sourceTree = "<group>"; };
		FA8E55A925C885890061C01C /* ProfileContainerComponent.swift */ = {isa = PBXFileReference; lastKnownFileType = sourcecode.swift; path = ProfileContainerComponent.swift; sourceTree = "<group>"; };
		FAAC8C3A25D798DB00C03ED9 /* FavoritePackage */ = {isa = PBXFileReference; lastKnownFileType = folder; name = FavoritePackage; path = ../Package/FavoritePackage; sourceTree = "<group>"; };
		FAAC8C3B25D798E200C03ED9 /* CategoryPackage */ = {isa = PBXFileReference; lastKnownFileType = folder; name = CategoryPackage; path = ../Package/CategoryPackage; sourceTree = "<group>"; };
		FAAC8C3C25D798E600C03ED9 /* GamePackage */ = {isa = PBXFileReference; lastKnownFileType = folder; name = GamePackage; path = ../Package/GamePackage; sourceTree = "<group>"; };
		FAC2975225BAF72E00B3C52A /* DefaultView+Setup.swift */ = {isa = PBXFileReference; lastKnownFileType = sourcecode.swift; path = "DefaultView+Setup.swift"; sourceTree = "<group>"; };
		FACC64D525AC0A2500276B07 /* RealmStorage.swift */ = {isa = PBXFileReference; lastKnownFileType = sourcecode.swift; path = RealmStorage.swift; sourceTree = "<group>"; };
		FAD61898251B117C00ADA991 /* GameTableViewCell.swift */ = {isa = PBXFileReference; lastKnownFileType = sourcecode.swift; path = GameTableViewCell.swift; sourceTree = "<group>"; };
		FAD61899251B117C00ADA991 /* GameTableViewCell.xib */ = {isa = PBXFileReference; lastKnownFileType = file.xib; path = GameTableViewCell.xib; sourceTree = "<group>"; };
		FAD6189C251B118E00ADA991 /* DummyTableViewCell.swift */ = {isa = PBXFileReference; lastKnownFileType = sourcecode.swift; path = DummyTableViewCell.swift; sourceTree = "<group>"; };
		FAD6189D251B118E00ADA991 /* DummyTableViewCell.xib */ = {isa = PBXFileReference; lastKnownFileType = file.xib; path = DummyTableViewCell.xib; sourceTree = "<group>"; };
		FAD618A0251B2CA400ADA991 /* .swiftlint.yml */ = {isa = PBXFileReference; lastKnownFileType = text.yaml; path = .swiftlint.yml; sourceTree = "<group>"; };
		FAD618AC251BD8DB00ADA991 /* FavoritesTableViewCell.swift */ = {isa = PBXFileReference; lastKnownFileType = sourcecode.swift; path = FavoritesTableViewCell.swift; sourceTree = "<group>"; };
		FAD618AD251BD8DB00ADA991 /* FavoritesTableViewCell.xib */ = {isa = PBXFileReference; lastKnownFileType = file.xib; path = FavoritesTableViewCell.xib; sourceTree = "<group>"; };
		FAD618B6251BFC5C00ADA991 /* SSCollectionViewCell.swift */ = {isa = PBXFileReference; lastKnownFileType = sourcecode.swift; path = SSCollectionViewCell.swift; sourceTree = "<group>"; };
		FAD618B7251BFC5C00ADA991 /* SSCollectionViewCell.xib */ = {isa = PBXFileReference; lastKnownFileType = file.xib; path = SSCollectionViewCell.xib; sourceTree = "<group>"; };
		FAD618BA251BFC7400ADA991 /* GenreCollectionViewCell.swift */ = {isa = PBXFileReference; lastKnownFileType = sourcecode.swift; path = GenreCollectionViewCell.swift; sourceTree = "<group>"; };
		FAD618BB251BFC7400ADA991 /* GenreCollectionViewCell.xib */ = {isa = PBXFileReference; lastKnownFileType = file.xib; path = GenreCollectionViewCell.xib; sourceTree = "<group>"; };
		FAEF3B7425C66E5400133A57 /* FavoriteTableViewComponent.swift */ = {isa = PBXFileReference; lastKnownFileType = sourcecode.swift; path = FavoriteTableViewComponent.swift; sourceTree = "<group>"; };
		FAF5119925B0AD4C00354D9E /* AppDIContainer+Repository.swift */ = {isa = PBXFileReference; lastKnownFileType = sourcecode.swift; path = "AppDIContainer+Repository.swift"; sourceTree = "<group>"; };
		FAF5119C25B0BBB300354D9E /* AppDIContainer+UseCase.swift */ = {isa = PBXFileReference; lastKnownFileType = sourcecode.swift; path = "AppDIContainer+UseCase.swift"; sourceTree = "<group>"; };
/* End PBXFileReference section */

/* Begin PBXFrameworksBuildPhase section */
		FA5E4F4C25CCAE1100FB17BA /* Frameworks */ = {
			isa = PBXFrameworksBuildPhase;
			buildActionMask = 2147483647;
			files = (
			);
			runOnlyForDeploymentPostprocessing = 0;
		};
		FA6B45D8251A429B00FFBE01 /* Frameworks */ = {
			isa = PBXFrameworksBuildPhase;
			buildActionMask = 2147483647;
			files = (
				FAFFDAF825D95CC9009A4184 /* RxSwift in Frameworks */,
				FA44F49E25DBC29900DE6F39 /* FavoritePackage in Frameworks */,
				FA75550E25D94E35004ED5BF /* Alamofire in Frameworks */,
				FA7554A525D94080004ED5BF /* CategoryPackage in Frameworks */,
				FA75551325D94E6C004ED5BF /* Realm in Frameworks */,
				FA44F4FE25DBDDE900DE6F39 /* Swinject in Frameworks */,
				FA75551525D94E6C004ED5BF /* RealmSwift in Frameworks */,
				FAFFDAF625D95CC9009A4184 /* RxCocoa in Frameworks */,
				FA44F49825DBC25900DE6F39 /* CoreOfflineAppTestKit in Frameworks */,
				FA44F49A25DBC25D00DE6F39 /* GamePackage in Frameworks */,
				8CFF502207248481EC88E6BF /* Pods_OfflineAppTest.framework in Frameworks */,
			);
			runOnlyForDeploymentPostprocessing = 0;
		};
/* End PBXFrameworksBuildPhase section */

/* Begin PBXGroup section */
		09CCD573F92B69EB02FD4027 /* Pods */ = {
			isa = PBXGroup;
			children = (
				B7FEC6A5DE170643F7DA944D /* Pods-OfflineAppTest.debug.xcconfig */,
				18869291C5255030C97BFFBA /* Pods-OfflineAppTest.release.xcconfig */,
			);
			path = Pods;
			sourceTree = "<group>";
		};
		62DC05C359EAD9648D85CF47 /* Frameworks */ = {
			isa = PBXGroup;
			children = (
				0A7C88937533082D4AE98453 /* Pods_OfflineAppTest.framework */,
			);
			name = Frameworks;
			sourceTree = "<group>";
		};
		FA05D44B25BEE74600BC58E2 /* Adapter */ = {
			isa = PBXGroup;
			children = (
				FAD61898251B117C00ADA991 /* GameTableViewCell.swift */,
				FAD61899251B117C00ADA991 /* GameTableViewCell.xib */,
				FAD6189C251B118E00ADA991 /* DummyTableViewCell.swift */,
				FAD6189D251B118E00ADA991 /* DummyTableViewCell.xib */,
			);
			path = Adapter;
			sourceTree = "<group>";
		};
		FA05D45125C0632500BC58E2 /* Presentation */ = {
			isa = PBXGroup;
			children = (
				FA4BC7E825A5A2550069D5B3 /* Main */,
				FA13FDF3258145F900608F9D /* Profile */,
				FA13FDF42581460100608F9D /* Favorite */,
				FA13FDF2258145F300608F9D /* Detail */,
				FA13FDF1258145EC00608F9D /* List */,
			);
			path = Presentation;
			sourceTree = "<group>";
		};
		FA12D08F25A9E02000D1B949 /* Interfaces */ = {
			isa = PBXGroup;
			children = (
				FA12D09225A9E5BD00D1B949 /* FavoriteView.swift */,
				FA12D09825A9E5E800D1B949 /* FavoritePresenter.swift */,
				FA12D09B25A9E5F500D1B949 /* FavoriteRouter.swift */,
			);
			path = Interfaces;
			sourceTree = "<group>";
		};
		FA12D09025A9E02C00D1B949 /* Default */ = {
			isa = PBXGroup;
			children = (
				FAEF3B7D25C66FD700133A57 /* adapter */,
				FAEF3B7325C66E2500133A57 /* component */,
				FA5389A725C5E1A300B99C66 /* DefaultFavoriteView.swift */,
				FA5389AA25C5E1B900B99C66 /* DefaultFavoriteRouter.swift */,
				FA5389AD25C5E1E100B99C66 /* DefaultFavoritePresenter.swift */,
				FA50DC1F25C849FD00E094EA /* DefaultFavoriteView+ext.swift */,
			);
			path = Default;
			sourceTree = "<group>";
		};
		FA12D0B025A9EEB000D1B949 /* Implementations */ = {
			isa = PBXGroup;
			children = (
				FA6DD4E425B29C1100F54332 /* Module */,
				FA12D0B625A9F27400D1B949 /* AppDIContainer.swift */,
				FAF5119925B0AD4C00354D9E /* AppDIContainer+Repository.swift */,
				FAF5119C25B0BBB300354D9E /* AppDIContainer+UseCase.swift */,
				FA12D0BD25AAD44400D1B949 /* AppDIContainer+Module.swift */,
			);
			path = Implementations;
			sourceTree = "<group>";
		};
		FA12D0B125A9EEBA00D1B949 /* Interfaces */ = {
			isa = PBXGroup;
			children = (
				FA12D0B925AAD3E900D1B949 /* ModuleFactory.swift */,
				FA12D0AC25A9ED5A00D1B949 /* RepositoryFactory.swift */,
				FA12D0B225A9F24E00D1B949 /* UseCaseFactory.swift */,
			);
			path = Interfaces;
			sourceTree = "<group>";
		};
		FA13FDF1258145EC00608F9D /* List */ = {
			isa = PBXGroup;
			children = (
				FA4BC72225A2FCC90069D5B3 /* Default */,
				FAA19C6925A042FE004BD4F6 /* Interfaces */,
				FA4BC72325A2FD060069D5B3 /* ListModule.swift */,
			);
			path = List;
			sourceTree = "<group>";
		};
		FA13FDF2258145F300608F9D /* Detail */ = {
			isa = PBXGroup;
			children = (
				FA4BC82025A5B8D10069D5B3 /* Default */,
				FA4BC81F25A5B8C20069D5B3 /* Interfaces */,
				FA4BC81C25A5B8430069D5B3 /* DetailModule.swift */,
			);
			path = Detail;
			sourceTree = "<group>";
		};
		FA13FDF3258145F900608F9D /* Profile */ = {
			isa = PBXGroup;
			children = (
				FA8E559B25C87D860061C01C /* Interfaces */,
				FA8E559A25C87D7C0061C01C /* Default */,
				FA12D09E25A9E62D00D1B949 /* Profile.storyboard */,
				FA12D0A125A9E76900D1B949 /* ProfileModule.swift */,
			);
			path = Profile;
			sourceTree = "<group>";
		};
		FA13FDF42581460100608F9D /* Favorite */ = {
			isa = PBXGroup;
			children = (
				FA12D09025A9E02C00D1B949 /* Default */,
				FA12D08F25A9E02000D1B949 /* Interfaces */,
				FA12D0A425A9E79600D1B949 /* FavoriteModule.swift */,
			);
			path = Favorite;
			sourceTree = "<group>";
		};
		FA13FDF5258146BE00608F9D /* DI */ = {
			isa = PBXGroup;
			children = (
				FA12D0B125A9EEBA00D1B949 /* Interfaces */,
				FA12D0B025A9EEB000D1B949 /* Implementations */,
			);
			path = DI;
			sourceTree = "<group>";
		};
		FA13FDF9258147EF00608F9D /* Resources */ = {
			isa = PBXGroup;
			children = (
				FA6B45EF251A429E00FFBE01 /* Info.plist */,
				FA6B45EA251A429E00FFBE01 /* Assets.xcassets */,
				FA6B45EC251A429E00FFBE01 /* LaunchScreen.storyboard */,
			);
			path = Resources;
			sourceTree = "<group>";
		};
		FA13FDFB2581487200608F9D /* App */ = {
			isa = PBXGroup;
			children = (
				FA13FDA5258142AA00608F9D /* AppDelegate.swift */,
				FA13FDF5258146BE00608F9D /* DI */,
			);
			path = App;
			sourceTree = "<group>";
		};
		FA13FE0225814EC300608F9D /* Infrastructure */ = {
			isa = PBXGroup;
			children = (
				FA13FE0E2581542300608F9D /* Constant */,
				FA13FE0325814F3B00608F9D /* Storage */,
			);
			path = Infrastructure;
			sourceTree = "<group>";
		};
		FA13FE0325814F3B00608F9D /* Storage */ = {
			isa = PBXGroup;
			children = (
				FACC64D525AC0A2500276B07 /* RealmStorage.swift */,
			);
			path = Storage;
			sourceTree = "<group>";
		};
		FA13FE0E2581542300608F9D /* Constant */ = {
			isa = PBXGroup;
			children = (
				FA6B461F251AF27400FFBE01 /* MyString.swift */,
				FA13FE0F2581544900608F9D /* Colors.swift */,
			);
			path = Constant;
			sourceTree = "<group>";
		};
		FA4BC72225A2FCC90069D5B3 /* Default */ = {
			isa = PBXGroup;
			children = (
				FA05D44B25BEE74600BC58E2 /* Adapter */,
				FA4BC73925A323E30069D5B3 /* DefaultListRouter.swift */,
				FA4BC73C25A323FD0069D5B3 /* DefaultListPresenter.swift */,
				FA12D08925A9CA5200D1B949 /* DefaultListView.swift */,
				FA12D08A25A9CA5200D1B949 /* DefaultListView.xib */,
				FAC2975225BAF72E00B3C52A /* DefaultView+Setup.swift */,
			);
			path = Default;
			sourceTree = "<group>";
		};
		FA4BC7E825A5A2550069D5B3 /* Main */ = {
			isa = PBXGroup;
			children = (
				FA4BC71E25A2FC090069D5B3 /* Main.storyboard */,
				FA4BC7E925A5A2760069D5B3 /* MainModule.swift */,
			);
			path = Main;
			sourceTree = "<group>";
		};
		FA4BC81F25A5B8C20069D5B3 /* Interfaces */ = {
			isa = PBXGroup;
			children = (
				FA4BC82125A5B9100069D5B3 /* DetailView.swift */,
				FA4AC72525B697FE00E72CF3 /* DetailPresenter.swift */,
				FA4AC72825B6980B00E72CF3 /* DetailRouter.swift */,
			);
			path = Interfaces;
			sourceTree = "<group>";
		};
		FA4BC82025A5B8D10069D5B3 /* Default */ = {
			isa = PBXGroup;
			children = (
				FAEF3B7C25C66F9D00133A57 /* adapter */,
				FA4BC82725A5BC200069D5B3 /* DefaultDetailView.swift */,
				FA4AC72B25B6997000E72CF3 /* DefaultDetailPresenter.swift */,
				FA4AC72E25B6998100E72CF3 /* DefaultDetailRouter.swift */,
				FA53893A25C534D900B99C66 /* DefaultDetailView+Setup.swift */,
			);
			path = Default;
			sourceTree = "<group>";
		};
		FA5E4F5025CCAE1100FB17BA /* OfflineAppTestTests */ = {
			isa = PBXGroup;
			children = (
				FA5E4F5125CCAE1100FB17BA /* OfflineAppTestTests.swift */,
				FA5E4F5325CCAE1100FB17BA /* Info.plist */,
			);
			path = OfflineAppTestTests;
			sourceTree = "<group>";
		};
		FA6B45D2251A429B00FFBE01 = {
			isa = PBXGroup;
			children = (
				FAD618A0251B2CA400ADA991 /* .swiftlint.yml */,
				FA44F48625DBB11200DE6F39 /* CoreOfflineAppTestKit */,
				FAAC8C3C25D798E600C03ED9 /* GamePackage */,
				FAAC8C3B25D798E200C03ED9 /* CategoryPackage */,
				FAAC8C3A25D798DB00C03ED9 /* FavoritePackage */,
				FA6B45DD251A429B00FFBE01 /* OfflineAppTest */,
				FA5E4F5025CCAE1100FB17BA /* OfflineAppTestTests */,
				FA6B45DC251A429B00FFBE01 /* Products */,
				09CCD573F92B69EB02FD4027 /* Pods */,
				62DC05C359EAD9648D85CF47 /* Frameworks */,
			);
			sourceTree = "<group>";
		};
		FA6B45DC251A429B00FFBE01 /* Products */ = {
			isa = PBXGroup;
			children = (
				FA6B45DB251A429B00FFBE01 /* OfflineAppTest.app */,
				FA5E4F4F25CCAE1100FB17BA /* OfflineAppTestTests.xctest */,
			);
			name = Products;
			sourceTree = "<group>";
		};
		FA6B45DD251A429B00FFBE01 /* OfflineAppTest */ = {
			isa = PBXGroup;
			children = (
				FA13FDFB2581487200608F9D /* App */,
				FA13FE0225814EC300608F9D /* Infrastructure */,
				FA13FDF9258147EF00608F9D /* Resources */,
				FA05D45125C0632500BC58E2 /* Presentation */,
			);
			path = OfflineAppTest;
			sourceTree = "<group>";
		};
		FA6DD4E425B29C1100F54332 /* Module */ = {
			isa = PBXGroup;
			children = (
				FA6DD4E525B29C2800F54332 /* AppDIContainer+ListModuleFactory.swift */,
				FA6DD56525B43C2100F54332 /* AppDIContainer+MainModuleFactory.swift */,
				FA4AC73225B69C1000E72CF3 /* AppDIContainer+DetailModuleFactory.swift */,
				FA53897E25C5CFC100B99C66 /* AppDIContainer+FavoriteModuleFactory.swift */,
				FA8E559425C876A30061C01C /* AppDIContainer+ProfileModuleFactory.swift */,
			);
			path = Module;
			sourceTree = "<group>";
		};
		FA8E559A25C87D7C0061C01C /* Default */ = {
			isa = PBXGroup;
			children = (
				FA8E55A825C885690061C01C /* component */,
				FA8E559F25C87DA80061C01C /* DefaultProfileView.swift */,
				FA8E55A225C881950061C01C /* DefaultProfileView+Setup.swift */,
			);
			path = Default;
			sourceTree = "<group>";
		};
		FA8E559B25C87D860061C01C /* Interfaces */ = {
			isa = PBXGroup;
			children = (
				FA8E559C25C87D990061C01C /* ProfileView.swift */,
			);
			path = Interfaces;
			sourceTree = "<group>";
		};
		FA8E55A825C885690061C01C /* component */ = {
			isa = PBXGroup;
			children = (
				FA8E55A925C885890061C01C /* ProfileContainerComponent.swift */,
			);
			path = component;
			sourceTree = "<group>";
		};
		FAA19C6925A042FE004BD4F6 /* Interfaces */ = {
			isa = PBXGroup;
			children = (
				FA4BC73025A2FD9A0069D5B3 /* ListView.swift */,
				FA4BC72A25A2FD760069D5B3 /* ListPresenter.swift */,
				FA4BC72D25A2FD8E0069D5B3 /* ListRouter.swift */,
			);
			path = Interfaces;
			sourceTree = "<group>";
		};
		FAEF3B7325C66E2500133A57 /* component */ = {
			isa = PBXGroup;
			children = (
				FAEF3B7425C66E5400133A57 /* FavoriteTableViewComponent.swift */,
				FA8E558E25C864070061C01C /* PlaceHolderView.xib */,
			);
			path = component;
			sourceTree = "<group>";
		};
		FAEF3B7C25C66F9D00133A57 /* adapter */ = {
			isa = PBXGroup;
			children = (
				FAD618B6251BFC5C00ADA991 /* SSCollectionViewCell.swift */,
				FAD618B7251BFC5C00ADA991 /* SSCollectionViewCell.xib */,
				FAD618BA251BFC7400ADA991 /* GenreCollectionViewCell.swift */,
				FAD618BB251BFC7400ADA991 /* GenreCollectionViewCell.xib */,
			);
			path = adapter;
			sourceTree = "<group>";
		};
		FAEF3B7D25C66FD700133A57 /* adapter */ = {
			isa = PBXGroup;
			children = (
				FAD618AC251BD8DB00ADA991 /* FavoritesTableViewCell.swift */,
				FAD618AD251BD8DB00ADA991 /* FavoritesTableViewCell.xib */,
			);
			path = adapter;
			sourceTree = "<group>";
		};
/* End PBXGroup section */

/* Begin PBXNativeTarget section */
		FA5E4F4E25CCAE1100FB17BA /* OfflineAppTestTests */ = {
			isa = PBXNativeTarget;
			buildConfigurationList = FA5E4F5625CCAE1100FB17BA /* Build configuration list for PBXNativeTarget "OfflineAppTestTests" */;
			buildPhases = (
				FA5E4F4B25CCAE1100FB17BA /* Sources */,
				FA5E4F4C25CCAE1100FB17BA /* Frameworks */,
				FA5E4F4D25CCAE1100FB17BA /* Resources */,
			);
			buildRules = (
			);
			dependencies = (
				FA5E4F5525CCAE1100FB17BA /* PBXTargetDependency */,
			);
			name = OfflineAppTestTests;
			productName = OfflineAppTestTests;
			productReference = FA5E4F4F25CCAE1100FB17BA /* OfflineAppTestTests.xctest */;
			productType = "com.apple.product-type.bundle.unit-test";
		};
		FA6B45DA251A429B00FFBE01 /* OfflineAppTest */ = {
			isa = PBXNativeTarget;
			buildConfigurationList = FA6B45F2251A429E00FFBE01 /* Build configuration list for PBXNativeTarget "OfflineAppTest" */;
			buildPhases = (
				F71AB5CEB4C935DB30392F64 /* [CP] Check Pods Manifest.lock */,
				FA6B45D7251A429B00FFBE01 /* Sources */,
				FA6B45D8251A429B00FFBE01 /* Frameworks */,
				FA6B45D9251A429B00FFBE01 /* Resources */,
				FAD618A2251B2F1B00ADA991 /* ShellScript */,
				B24A9986AC5898E5516FAE69 /* [CP] Embed Pods Frameworks */,
			);
			buildRules = (
			);
			dependencies = (
				FA80466825DC30C800F43E1E /* PBXTargetDependency */,
				FA80466625DC30C000F43E1E /* PBXTargetDependency */,
				FA80466425DC30BA00F43E1E /* PBXTargetDependency */,
				FA80466225DC30B400F43E1E /* PBXTargetDependency */,
			);
			name = OfflineAppTest;
			packageProductDependencies = (
				FA7554A425D94080004ED5BF /* CategoryPackage */,
				FA75550D25D94E35004ED5BF /* Alamofire */,
				FA75551225D94E6C004ED5BF /* Realm */,
				FA75551425D94E6C004ED5BF /* RealmSwift */,
				FAFFDAF525D95CC9009A4184 /* RxCocoa */,
				FAFFDAF725D95CC9009A4184 /* RxSwift */,
				FA44F49725DBC25900DE6F39 /* CoreOfflineAppTestKit */,
				FA44F49925DBC25D00DE6F39 /* GamePackage */,
				FA44F49D25DBC29900DE6F39 /* FavoritePackage */,
				FA44F4FD25DBDDE900DE6F39 /* Swinject */,
			);
			productName = OfflineAppTest;
			productReference = FA6B45DB251A429B00FFBE01 /* OfflineAppTest.app */;
			productType = "com.apple.product-type.application";
		};
/* End PBXNativeTarget section */

/* Begin PBXProject section */
		FA6B45D3251A429B00FFBE01 /* Project object */ = {
			isa = PBXProject;
			attributes = {
				LastSwiftUpdateCheck = 1200;
				LastUpgradeCheck = 1200;
				ORGANIZATIONNAME = nostratech;
				TargetAttributes = {
					FA5E4F4E25CCAE1100FB17BA = {
						CreatedOnToolsVersion = 12.0.1;
						TestTargetID = FA6B45DA251A429B00FFBE01;
					};
					FA6B45DA251A429B00FFBE01 = {
						CreatedOnToolsVersion = 11.5;
					};
				};
			};
			buildConfigurationList = FA6B45D6251A429B00FFBE01 /* Build configuration list for PBXProject "OfflineAppTest" */;
			compatibilityVersion = "Xcode 9.3";
			developmentRegion = en;
			hasScannedForEncodings = 0;
			knownRegions = (
				en,
				Base,
			);
			mainGroup = FA6B45D2251A429B00FFBE01;
			packageReferences = (
				FA75550C25D94E35004ED5BF /* XCRemoteSwiftPackageReference "Alamofire" */,
				FA75551125D94E6C004ED5BF /* XCRemoteSwiftPackageReference "realm-cocoa" */,
				FAFFDAF425D95CC9009A4184 /* XCRemoteSwiftPackageReference "RxSwift" */,
				FA44F4FC25DBDDE900DE6F39 /* XCRemoteSwiftPackageReference "Swinject" */,
			);
			productRefGroup = FA6B45DC251A429B00FFBE01 /* Products */;
			projectDirPath = "";
			projectRoot = "";
			targets = (
				FA6B45DA251A429B00FFBE01 /* OfflineAppTest */,
				FA5E4F4E25CCAE1100FB17BA /* OfflineAppTestTests */,
			);
		};
/* End PBXProject section */

/* Begin PBXResourcesBuildPhase section */
		FA5E4F4D25CCAE1100FB17BA /* Resources */ = {
			isa = PBXResourcesBuildPhase;
			buildActionMask = 2147483647;
			files = (
			);
			runOnlyForDeploymentPostprocessing = 0;
		};
		FA6B45D9251A429B00FFBE01 /* Resources */ = {
			isa = PBXResourcesBuildPhase;
			buildActionMask = 2147483647;
			files = (
				FAD618A1251B2CA400ADA991 /* .swiftlint.yml in Resources */,
				FA4BC72025A2FC090069D5B3 /* Main.storyboard in Resources */,
				FAD618BD251BFC7400ADA991 /* GenreCollectionViewCell.xib in Resources */,
				FA6B45EE251A429E00FFBE01 /* LaunchScreen.storyboard in Resources */,
				FA12D09F25A9E62D00D1B949 /* Profile.storyboard in Resources */,
				FAD618B9251BFC5C00ADA991 /* SSCollectionViewCell.xib in Resources */,
				FA6B45EB251A429E00FFBE01 /* Assets.xcassets in Resources */,
				FA8E558F25C864070061C01C /* PlaceHolderView.xib in Resources */,
				FA12D08C25A9CA5200D1B949 /* DefaultListView.xib in Resources */,
				FAD6189F251B118E00ADA991 /* DummyTableViewCell.xib in Resources */,
				FAD6189B251B117C00ADA991 /* GameTableViewCell.xib in Resources */,
				FAD618AF251BD8DB00ADA991 /* FavoritesTableViewCell.xib in Resources */,
			);
			runOnlyForDeploymentPostprocessing = 0;
		};
/* End PBXResourcesBuildPhase section */

/* Begin PBXShellScriptBuildPhase section */
		B24A9986AC5898E5516FAE69 /* [CP] Embed Pods Frameworks */ = {
			isa = PBXShellScriptBuildPhase;
			buildActionMask = 2147483647;
			files = (
			);
			inputFileListPaths = (
				"${PODS_ROOT}/Target Support Files/Pods-OfflineAppTest/Pods-OfflineAppTest-frameworks-${CONFIGURATION}-input-files.xcfilelist",
			);
			name = "[CP] Embed Pods Frameworks";
			outputFileListPaths = (
				"${PODS_ROOT}/Target Support Files/Pods-OfflineAppTest/Pods-OfflineAppTest-frameworks-${CONFIGURATION}-output-files.xcfilelist",
			);
			runOnlyForDeploymentPostprocessing = 0;
			shellPath = /bin/sh;
			shellScript = "\"${PODS_ROOT}/Target Support Files/Pods-OfflineAppTest/Pods-OfflineAppTest-frameworks.sh\"\n";
			showEnvVarsInLog = 0;
		};
		F71AB5CEB4C935DB30392F64 /* [CP] Check Pods Manifest.lock */ = {
			isa = PBXShellScriptBuildPhase;
			buildActionMask = 2147483647;
			files = (
			);
			inputFileListPaths = (
			);
			inputPaths = (
				"${PODS_PODFILE_DIR_PATH}/Podfile.lock",
				"${PODS_ROOT}/Manifest.lock",
			);
			name = "[CP] Check Pods Manifest.lock";
			outputFileListPaths = (
			);
			outputPaths = (
				"$(DERIVED_FILE_DIR)/Pods-OfflineAppTest-checkManifestLockResult.txt",
			);
			runOnlyForDeploymentPostprocessing = 0;
			shellPath = /bin/sh;
			shellScript = "diff \"${PODS_PODFILE_DIR_PATH}/Podfile.lock\" \"${PODS_ROOT}/Manifest.lock\" > /dev/null\nif [ $? != 0 ] ; then\n    # print error to STDERR\n    echo \"error: The sandbox is not in sync with the Podfile.lock. Run 'pod install' or update your CocoaPods installation.\" >&2\n    exit 1\nfi\n# This output is used by Xcode 'outputs' to avoid re-running this script phase.\necho \"SUCCESS\" > \"${SCRIPT_OUTPUT_FILE_0}\"\n";
			showEnvVarsInLog = 0;
		};
		FAD618A2251B2F1B00ADA991 /* ShellScript */ = {
			isa = PBXShellScriptBuildPhase;
			buildActionMask = 2147483647;
			files = (
			);
			inputFileListPaths = (
			);
			inputPaths = (
			);
			outputFileListPaths = (
			);
			outputPaths = (
			);
			runOnlyForDeploymentPostprocessing = 0;
			shellPath = /bin/sh;
			shellScript = "# Type a script or drag a script file from your workspace to insert its path.\n\"${PODS_ROOT}/SwiftLint/swiftlint\"\n";
		};
/* End PBXShellScriptBuildPhase section */

/* Begin PBXSourcesBuildPhase section */
		FA5E4F4B25CCAE1100FB17BA /* Sources */ = {
			isa = PBXSourcesBuildPhase;
			buildActionMask = 2147483647;
			files = (
				FA5E4F5225CCAE1100FB17BA /* OfflineAppTestTests.swift in Sources */,
			);
			runOnlyForDeploymentPostprocessing = 0;
		};
		FA6B45D7251A429B00FFBE01 /* Sources */ = {
			isa = PBXSourcesBuildPhase;
			buildActionMask = 2147483647;
			files = (
				FA4BC72E25A2FD8E0069D5B3 /* ListRouter.swift in Sources */,
				FA4BC82225A5B9100069D5B3 /* DetailView.swift in Sources */,
				FA53897F25C5CFC100B99C66 /* AppDIContainer+FavoriteModuleFactory.swift in Sources */,
				FA13FDA6258142AA00608F9D /* AppDelegate.swift in Sources */,
				FAC2975325BAF72E00B3C52A /* DefaultView+Setup.swift in Sources */,
				FA4AC73325B69C1000E72CF3 /* AppDIContainer+DetailModuleFactory.swift in Sources */,
				FA12D08B25A9CA5200D1B949 /* DefaultListView.swift in Sources */,
				FAD618B8251BFC5C00ADA991 /* SSCollectionViewCell.swift in Sources */,
				FA12D0A225A9E76900D1B949 /* ProfileModule.swift in Sources */,
				FAEF3B7525C66E5400133A57 /* FavoriteTableViewComponent.swift in Sources */,
				FA4BC73D25A323FD0069D5B3 /* DefaultListPresenter.swift in Sources */,
				FA4AC72F25B6998100E72CF3 /* DefaultDetailRouter.swift in Sources */,
				FA53893B25C534D900B99C66 /* DefaultDetailView+Setup.swift in Sources */,
				FA6B4620251AF27400FFBE01 /* MyString.swift in Sources */,
				FA4AC72C25B6997000E72CF3 /* DefaultDetailPresenter.swift in Sources */,
				FA5389A825C5E1A300B99C66 /* DefaultFavoriteView.swift in Sources */,
				FA4BC73A25A323E30069D5B3 /* DefaultListRouter.swift in Sources */,
				FAD618AE251BD8DB00ADA991 /* FavoritesTableViewCell.swift in Sources */,
				FA4BC72B25A2FD760069D5B3 /* ListPresenter.swift in Sources */,
				FAD618BC251BFC7400ADA991 /* GenreCollectionViewCell.swift in Sources */,
				FA12D0BA25AAD3E900D1B949 /* ModuleFactory.swift in Sources */,
				FA4BC81D25A5B8440069D5B3 /* DetailModule.swift in Sources */,
				FAD6189E251B118E00ADA991 /* DummyTableViewCell.swift in Sources */,
				FAF5119A25B0AD4C00354D9E /* AppDIContainer+Repository.swift in Sources */,
				FA12D09C25A9E5F500D1B949 /* FavoriteRouter.swift in Sources */,
				FA4BC72425A2FD060069D5B3 /* ListModule.swift in Sources */,
				FA8E559525C876A30061C01C /* AppDIContainer+ProfileModuleFactory.swift in Sources */,
				FA4BC7EA25A5A2760069D5B3 /* MainModule.swift in Sources */,
				FA5389AE25C5E1E100B99C66 /* DefaultFavoritePresenter.swift in Sources */,
				FA12D0B725A9F27400D1B949 /* AppDIContainer.swift in Sources */,
				FA4AC72625B697FE00E72CF3 /* DetailPresenter.swift in Sources */,
				FA12D09925A9E5E800D1B949 /* FavoritePresenter.swift in Sources */,
				FA12D0A525A9E79600D1B949 /* FavoriteModule.swift in Sources */,
				FAD6189A251B117C00ADA991 /* GameTableViewCell.swift in Sources */,
				FA6DD4E625B29C2800F54332 /* AppDIContainer+ListModuleFactory.swift in Sources */,
				FA8E55A025C87DA80061C01C /* DefaultProfileView.swift in Sources */,
				FA4BC82925A5BC200069D5B3 /* DefaultDetailView.swift in Sources */,
				FACC64D625AC0A2500276B07 /* RealmStorage.swift in Sources */,
				FA12D09325A9E5BD00D1B949 /* FavoriteView.swift in Sources */,
				FA8E55A325C881950061C01C /* DefaultProfileView+Setup.swift in Sources */,
				FA13FE102581544900608F9D /* Colors.swift in Sources */,
				FA12D0BE25AAD44400D1B949 /* AppDIContainer+Module.swift in Sources */,
				FA4AC72925B6980B00E72CF3 /* DetailRouter.swift in Sources */,
				FAF5119D25B0BBB300354D9E /* AppDIContainer+UseCase.swift in Sources */,
				FA5389AB25C5E1B900B99C66 /* DefaultFavoriteRouter.swift in Sources */,
				FA50DC2025C849FD00E094EA /* DefaultFavoriteView+ext.swift in Sources */,
				FA12D0AD25A9ED5A00D1B949 /* RepositoryFactory.swift in Sources */,
				FA8E559D25C87D990061C01C /* ProfileView.swift in Sources */,
				FA4BC73125A2FD9A0069D5B3 /* ListView.swift in Sources */,
				FA8E55AA25C885890061C01C /* ProfileContainerComponent.swift in Sources */,
				FA12D0B325A9F24E00D1B949 /* UseCaseFactory.swift in Sources */,
				FA6DD56625B43C2200F54332 /* AppDIContainer+MainModuleFactory.swift in Sources */,
			);
			runOnlyForDeploymentPostprocessing = 0;
		};
/* End PBXSourcesBuildPhase section */

/* Begin PBXTargetDependency section */
		FA5E4F5525CCAE1100FB17BA /* PBXTargetDependency */ = {
			isa = PBXTargetDependency;
			target = FA6B45DA251A429B00FFBE01 /* OfflineAppTest */;
			targetProxy = FA5E4F5425CCAE1100FB17BA /* PBXContainerItemProxy */;
		};
		FA80466225DC30B400F43E1E /* PBXTargetDependency */ = {
			isa = PBXTargetDependency;
			productRef = FA80466125DC30B400F43E1E /* GamePackage */;
		};
		FA80466425DC30BA00F43E1E /* PBXTargetDependency */ = {
			isa = PBXTargetDependency;
			productRef = FA80466325DC30BA00F43E1E /* CategoryPackage */;
		};
		FA80466625DC30C000F43E1E /* PBXTargetDependency */ = {
			isa = PBXTargetDependency;
			productRef = FA80466525DC30C000F43E1E /* FavoritePackage */;
		};
		FA80466825DC30C800F43E1E /* PBXTargetDependency */ = {
			isa = PBXTargetDependency;
			productRef = FA80466725DC30C800F43E1E /* CoreOfflineAppTestKit */;
		};
/* End PBXTargetDependency section */

/* Begin PBXVariantGroup section */
		FA4BC71E25A2FC090069D5B3 /* Main.storyboard */ = {
			isa = PBXVariantGroup;
			children = (
				FA4BC71F25A2FC090069D5B3 /* Base */,
			);
			name = Main.storyboard;
			sourceTree = "<group>";
		};
		FA6B45EC251A429E00FFBE01 /* LaunchScreen.storyboard */ = {
			isa = PBXVariantGroup;
			children = (
				FA6B45ED251A429E00FFBE01 /* Base */,
			);
			name = LaunchScreen.storyboard;
			sourceTree = "<group>";
		};
/* End PBXVariantGroup section */

/* Begin XCBuildConfiguration section */
		FA5E4F5725CCAE1100FB17BA /* Debug */ = {
			isa = XCBuildConfiguration;
			buildSettings = {
				BUNDLE_LOADER = "$(TEST_HOST)";
				CLANG_WARN_QUOTED_INCLUDE_IN_FRAMEWORK_HEADER = YES;
				CODE_SIGN_STYLE = Automatic;
				DEVELOPMENT_TEAM = 988U3HL37J;
				INFOPLIST_FILE = OfflineAppTestTests/Info.plist;
				IPHONEOS_DEPLOYMENT_TARGET = 14.0;
				LD_RUNPATH_SEARCH_PATHS = (
					"$(inherited)",
					"@executable_path/Frameworks",
					"@loader_path/Frameworks",
				);
				PRODUCT_BUNDLE_IDENTIFIER = com.nostratech.OfflineAppTestTests;
				PRODUCT_NAME = "$(TARGET_NAME)";
				SWIFT_VERSION = 5.0;
				TARGETED_DEVICE_FAMILY = "1,2";
				TEST_HOST = "$(BUILT_PRODUCTS_DIR)/OfflineAppTest.app/OfflineAppTest";
			};
			name = Debug;
		};
		FA5E4F5825CCAE1100FB17BA /* Release */ = {
			isa = XCBuildConfiguration;
			buildSettings = {
				BUNDLE_LOADER = "$(TEST_HOST)";
				CLANG_WARN_QUOTED_INCLUDE_IN_FRAMEWORK_HEADER = YES;
				CODE_SIGN_STYLE = Automatic;
				DEVELOPMENT_TEAM = 988U3HL37J;
				INFOPLIST_FILE = OfflineAppTestTests/Info.plist;
				IPHONEOS_DEPLOYMENT_TARGET = 14.0;
				LD_RUNPATH_SEARCH_PATHS = (
					"$(inherited)",
					"@executable_path/Frameworks",
					"@loader_path/Frameworks",
				);
				PRODUCT_BUNDLE_IDENTIFIER = com.nostratech.OfflineAppTestTests;
				PRODUCT_NAME = "$(TARGET_NAME)";
				SWIFT_VERSION = 5.0;
				TARGETED_DEVICE_FAMILY = "1,2";
				TEST_HOST = "$(BUILT_PRODUCTS_DIR)/OfflineAppTest.app/OfflineAppTest";
			};
			name = Release;
		};
		FA6B45F0251A429E00FFBE01 /* Debug */ = {
			isa = XCBuildConfiguration;
			buildSettings = {
				ALWAYS_SEARCH_USER_PATHS = NO;
				CLANG_ANALYZER_NONNULL = YES;
				CLANG_ANALYZER_NUMBER_OBJECT_CONVERSION = YES_AGGRESSIVE;
				CLANG_CXX_LANGUAGE_STANDARD = "gnu++14";
				CLANG_CXX_LIBRARY = "libc++";
				CLANG_ENABLE_MODULES = YES;
				CLANG_ENABLE_OBJC_ARC = YES;
				CLANG_ENABLE_OBJC_WEAK = YES;
				CLANG_WARN_BLOCK_CAPTURE_AUTORELEASING = YES;
				CLANG_WARN_BOOL_CONVERSION = YES;
				CLANG_WARN_COMMA = YES;
				CLANG_WARN_CONSTANT_CONVERSION = YES;
				CLANG_WARN_DEPRECATED_OBJC_IMPLEMENTATIONS = YES;
				CLANG_WARN_DIRECT_OBJC_ISA_USAGE = YES_ERROR;
				CLANG_WARN_DOCUMENTATION_COMMENTS = YES;
				CLANG_WARN_EMPTY_BODY = YES;
				CLANG_WARN_ENUM_CONVERSION = YES;
				CLANG_WARN_INFINITE_RECURSION = YES;
				CLANG_WARN_INT_CONVERSION = YES;
				CLANG_WARN_NON_LITERAL_NULL_CONVERSION = YES;
				CLANG_WARN_OBJC_IMPLICIT_RETAIN_SELF = YES;
				CLANG_WARN_OBJC_LITERAL_CONVERSION = YES;
				CLANG_WARN_OBJC_ROOT_CLASS = YES_ERROR;
				CLANG_WARN_QUOTED_INCLUDE_IN_FRAMEWORK_HEADER = YES;
				CLANG_WARN_RANGE_LOOP_ANALYSIS = YES;
				CLANG_WARN_STRICT_PROTOTYPES = YES;
				CLANG_WARN_SUSPICIOUS_MOVE = YES;
				CLANG_WARN_UNGUARDED_AVAILABILITY = YES_AGGRESSIVE;
				CLANG_WARN_UNREACHABLE_CODE = YES;
				CLANG_WARN__DUPLICATE_METHOD_MATCH = YES;
				COPY_PHASE_STRIP = NO;
				DEBUG_INFORMATION_FORMAT = dwarf;
				ENABLE_STRICT_OBJC_MSGSEND = YES;
				ENABLE_TESTABILITY = YES;
				GCC_C_LANGUAGE_STANDARD = gnu11;
				GCC_DYNAMIC_NO_PIC = NO;
				GCC_NO_COMMON_BLOCKS = YES;
				GCC_OPTIMIZATION_LEVEL = 0;
				GCC_PREPROCESSOR_DEFINITIONS = (
					"DEBUG=1",
					"$(inherited)",
				);
				GCC_WARN_64_TO_32_BIT_CONVERSION = YES;
				GCC_WARN_ABOUT_RETURN_TYPE = YES_ERROR;
				GCC_WARN_UNDECLARED_SELECTOR = YES;
				GCC_WARN_UNINITIALIZED_AUTOS = YES_AGGRESSIVE;
				GCC_WARN_UNUSED_FUNCTION = YES;
				GCC_WARN_UNUSED_VARIABLE = YES;
				IPHONEOS_DEPLOYMENT_TARGET = 12.0;
				MTL_ENABLE_DEBUG_INFO = INCLUDE_SOURCE;
				MTL_FAST_MATH = YES;
				ONLY_ACTIVE_ARCH = YES;
				SDKROOT = iphoneos;
				SWIFT_ACTIVE_COMPILATION_CONDITIONS = DEBUG;
				SWIFT_OPTIMIZATION_LEVEL = "-Onone";
			};
			name = Debug;
		};
		FA6B45F1251A429E00FFBE01 /* Release */ = {
			isa = XCBuildConfiguration;
			buildSettings = {
				ALWAYS_SEARCH_USER_PATHS = NO;
				CLANG_ANALYZER_NONNULL = YES;
				CLANG_ANALYZER_NUMBER_OBJECT_CONVERSION = YES_AGGRESSIVE;
				CLANG_CXX_LANGUAGE_STANDARD = "gnu++14";
				CLANG_CXX_LIBRARY = "libc++";
				CLANG_ENABLE_MODULES = YES;
				CLANG_ENABLE_OBJC_ARC = YES;
				CLANG_ENABLE_OBJC_WEAK = YES;
				CLANG_WARN_BLOCK_CAPTURE_AUTORELEASING = YES;
				CLANG_WARN_BOOL_CONVERSION = YES;
				CLANG_WARN_COMMA = YES;
				CLANG_WARN_CONSTANT_CONVERSION = YES;
				CLANG_WARN_DEPRECATED_OBJC_IMPLEMENTATIONS = YES;
				CLANG_WARN_DIRECT_OBJC_ISA_USAGE = YES_ERROR;
				CLANG_WARN_DOCUMENTATION_COMMENTS = YES;
				CLANG_WARN_EMPTY_BODY = YES;
				CLANG_WARN_ENUM_CONVERSION = YES;
				CLANG_WARN_INFINITE_RECURSION = YES;
				CLANG_WARN_INT_CONVERSION = YES;
				CLANG_WARN_NON_LITERAL_NULL_CONVERSION = YES;
				CLANG_WARN_OBJC_IMPLICIT_RETAIN_SELF = YES;
				CLANG_WARN_OBJC_LITERAL_CONVERSION = YES;
				CLANG_WARN_OBJC_ROOT_CLASS = YES_ERROR;
				CLANG_WARN_QUOTED_INCLUDE_IN_FRAMEWORK_HEADER = YES;
				CLANG_WARN_RANGE_LOOP_ANALYSIS = YES;
				CLANG_WARN_STRICT_PROTOTYPES = YES;
				CLANG_WARN_SUSPICIOUS_MOVE = YES;
				CLANG_WARN_UNGUARDED_AVAILABILITY = YES_AGGRESSIVE;
				CLANG_WARN_UNREACHABLE_CODE = YES;
				CLANG_WARN__DUPLICATE_METHOD_MATCH = YES;
				COPY_PHASE_STRIP = NO;
				DEBUG_INFORMATION_FORMAT = "dwarf-with-dsym";
				ENABLE_NS_ASSERTIONS = NO;
				ENABLE_STRICT_OBJC_MSGSEND = YES;
				GCC_C_LANGUAGE_STANDARD = gnu11;
				GCC_NO_COMMON_BLOCKS = YES;
				GCC_WARN_64_TO_32_BIT_CONVERSION = YES;
				GCC_WARN_ABOUT_RETURN_TYPE = YES_ERROR;
				GCC_WARN_UNDECLARED_SELECTOR = YES;
				GCC_WARN_UNINITIALIZED_AUTOS = YES_AGGRESSIVE;
				GCC_WARN_UNUSED_FUNCTION = YES;
				GCC_WARN_UNUSED_VARIABLE = YES;
				IPHONEOS_DEPLOYMENT_TARGET = 12.0;
				MTL_ENABLE_DEBUG_INFO = NO;
				MTL_FAST_MATH = YES;
				SDKROOT = iphoneos;
				SWIFT_COMPILATION_MODE = wholemodule;
				SWIFT_OPTIMIZATION_LEVEL = "-O";
				VALIDATE_PRODUCT = YES;
			};
			name = Release;
		};
		FA6B45F3251A429E00FFBE01 /* Debug */ = {
			isa = XCBuildConfiguration;
			baseConfigurationReference = B7FEC6A5DE170643F7DA944D /* Pods-OfflineAppTest.debug.xcconfig */;
			buildSettings = {
				ASSETCATALOG_COMPILER_APPICON_NAME = AppIcon;
				CODE_SIGN_STYLE = Automatic;
				DEVELOPMENT_TEAM = 988U3HL37J;
				INFOPLIST_FILE = "$(SRCROOT)/OfflineAppTest/Resources/Info.plist";
				LD_RUNPATH_SEARCH_PATHS = (
					"$(inherited)",
					"@executable_path/Frameworks",
				);
				PRODUCT_BUNDLE_IDENTIFIER = com.nostratech.OfflineAppTest;
				PRODUCT_NAME = "$(TARGET_NAME)";
				SWIFT_VERSION = 5.0;
				TARGETED_DEVICE_FAMILY = "1,2";
			};
			name = Debug;
		};
		FA6B45F4251A429E00FFBE01 /* Release */ = {
			isa = XCBuildConfiguration;
			baseConfigurationReference = 18869291C5255030C97BFFBA /* Pods-OfflineAppTest.release.xcconfig */;
			buildSettings = {
				ASSETCATALOG_COMPILER_APPICON_NAME = AppIcon;
				CODE_SIGN_STYLE = Automatic;
				DEVELOPMENT_TEAM = 988U3HL37J;
				INFOPLIST_FILE = "$(SRCROOT)/OfflineAppTest/Resources/Info.plist";
				LD_RUNPATH_SEARCH_PATHS = (
					"$(inherited)",
					"@executable_path/Frameworks",
				);
				PRODUCT_BUNDLE_IDENTIFIER = com.nostratech.OfflineAppTest;
				PRODUCT_NAME = "$(TARGET_NAME)";
				SWIFT_VERSION = 5.0;
				TARGETED_DEVICE_FAMILY = "1,2";
			};
			name = Release;
		};
/* End XCBuildConfiguration section */

/* Begin XCConfigurationList section */
		FA5E4F5625CCAE1100FB17BA /* Build configuration list for PBXNativeTarget "OfflineAppTestTests" */ = {
			isa = XCConfigurationList;
			buildConfigurations = (
				FA5E4F5725CCAE1100FB17BA /* Debug */,
				FA5E4F5825CCAE1100FB17BA /* Release */,
			);
			defaultConfigurationIsVisible = 0;
			defaultConfigurationName = Release;
		};
		FA6B45D6251A429B00FFBE01 /* Build configuration list for PBXProject "OfflineAppTest" */ = {
			isa = XCConfigurationList;
			buildConfigurations = (
				FA6B45F0251A429E00FFBE01 /* Debug */,
				FA6B45F1251A429E00FFBE01 /* Release */,
			);
			defaultConfigurationIsVisible = 0;
			defaultConfigurationName = Release;
		};
		FA6B45F2251A429E00FFBE01 /* Build configuration list for PBXNativeTarget "OfflineAppTest" */ = {
			isa = XCConfigurationList;
			buildConfigurations = (
				FA6B45F3251A429E00FFBE01 /* Debug */,
				FA6B45F4251A429E00FFBE01 /* Release */,
			);
			defaultConfigurationIsVisible = 0;
			defaultConfigurationName = Release;
		};
/* End XCConfigurationList section */

/* Begin XCRemoteSwiftPackageReference section */
		FA44F4FC25DBDDE900DE6F39 /* XCRemoteSwiftPackageReference "Swinject" */ = {
			isa = XCRemoteSwiftPackageReference;
			repositoryURL = "https://github.com/Swinject/Swinject";
			requirement = {
				kind = upToNextMajorVersion;
				minimumVersion = 2.7.1;
			};
		};
		FA75550C25D94E35004ED5BF /* XCRemoteSwiftPackageReference "Alamofire" */ = {
			isa = XCRemoteSwiftPackageReference;
			repositoryURL = "https://github.com/Alamofire/Alamofire.git";
			requirement = {
				kind = upToNextMajorVersion;
				minimumVersion = 5.4.1;
			};
		};
		FA75551125D94E6C004ED5BF /* XCRemoteSwiftPackageReference "realm-cocoa" */ = {
			isa = XCRemoteSwiftPackageReference;
			repositoryURL = "https://github.com/realm/realm-cocoa.git";
			requirement = {
				kind = upToNextMajorVersion;
				minimumVersion = 5.5.0;
			};
		};
		FAFFDAF425D95CC9009A4184 /* XCRemoteSwiftPackageReference "RxSwift" */ = {
			isa = XCRemoteSwiftPackageReference;
			repositoryURL = "https://github.com/ReactiveX/RxSwift.git";
			requirement = {
				kind = upToNextMajorVersion;
				minimumVersion = 5.1.1;
			};
		};
/* End XCRemoteSwiftPackageReference section */

/* Begin XCSwiftPackageProductDependency section */
		FA44F49725DBC25900DE6F39 /* CoreOfflineAppTestKit */ = {
			isa = XCSwiftPackageProductDependency;
			productName = CoreOfflineAppTestKit;
		};
		FA44F49925DBC25D00DE6F39 /* GamePackage */ = {
			isa = XCSwiftPackageProductDependency;
			productName = GamePackage;
		};
		FA44F49D25DBC29900DE6F39 /* FavoritePackage */ = {
			isa = XCSwiftPackageProductDependency;
			productName = FavoritePackage;
		};
		FA44F4FD25DBDDE900DE6F39 /* Swinject */ = {
			isa = XCSwiftPackageProductDependency;
			package = FA44F4FC25DBDDE900DE6F39 /* XCRemoteSwiftPackageReference "Swinject" */;
			productName = Swinject;
		};
		FA7554A425D94080004ED5BF /* CategoryPackage */ = {
			isa = XCSwiftPackageProductDependency;
			productName = CategoryPackage;
		};
		FA75550D25D94E35004ED5BF /* Alamofire */ = {
			isa = XCSwiftPackageProductDependency;
			package = FA75550C25D94E35004ED5BF /* XCRemoteSwiftPackageReference "Alamofire" */;
			productName = Alamofire;
		};
		FA75551225D94E6C004ED5BF /* Realm */ = {
			isa = XCSwiftPackageProductDependency;
			package = FA75551125D94E6C004ED5BF /* XCRemoteSwiftPackageReference "realm-cocoa" */;
			productName = Realm;
		};
		FA75551425D94E6C004ED5BF /* RealmSwift */ = {
			isa = XCSwiftPackageProductDependency;
			package = FA75551125D94E6C004ED5BF /* XCRemoteSwiftPackageReference "realm-cocoa" */;
			productName = RealmSwift;
		};
		FA80466125DC30B400F43E1E /* GamePackage */ = {
			isa = XCSwiftPackageProductDependency;
			productName = GamePackage;
		};
		FA80466325DC30BA00F43E1E /* CategoryPackage */ = {
			isa = XCSwiftPackageProductDependency;
			productName = CategoryPackage;
		};
		FA80466525DC30C000F43E1E /* FavoritePackage */ = {
			isa = XCSwiftPackageProductDependency;
			productName = FavoritePackage;
		};
		FA80466725DC30C800F43E1E /* CoreOfflineAppTestKit */ = {
			isa = XCSwiftPackageProductDependency;
			productName = CoreOfflineAppTestKit;
		};
		FAFFDAF525D95CC9009A4184 /* RxCocoa */ = {
			isa = XCSwiftPackageProductDependency;
			package = FAFFDAF425D95CC9009A4184 /* XCRemoteSwiftPackageReference "RxSwift" */;
			productName = RxCocoa;
		};
		FAFFDAF725D95CC9009A4184 /* RxSwift */ = {
			isa = XCSwiftPackageProductDependency;
			package = FAFFDAF425D95CC9009A4184 /* XCRemoteSwiftPackageReference "RxSwift" */;
			productName = RxSwift;
		};
/* End XCSwiftPackageProductDependency section */
	};
	rootObject = FA6B45D3251A429B00FFBE01 /* Project object */;
}
